
Microsoft Visual Studio Solution File, Format Version 12.00
# Visual Studio Version 16
VisualStudioVersion = 16.0.28803.352
MinimumVisualStudioVersion = 10.0.40219.1
Project("{FAE04EC0-301F-11D3-BF4B-00C04F79EFBC}") = "DragAndClickWinSamples", "DragAndClickWinSamples\DragAndClickWinSamples.csproj", "{6878F3AB-EB78-4AAC-A2CA-ECEDF50A9C20}"
EndProject
Project("{FAE04EC0-301F-11D3-BF4B-00C04F79EFBC}") = "AdvancedInkcanvas", "AdvancedInkcanvas\AdvancedInkcanvas.csproj", "{B0BFEB7A-14A9-4676-B04B-43E800E52B6E}"
EndProject
Project("{FAE04EC0-301F-11D3-BF4B-00C04F79EFBC}") = "RichTextBoxSample", "RichTextBoxSample\RichTextBoxSample.csproj", "{6FA15412-553D-416F-B4F6-5A691A7FC340}"
EndProject
Project("{FAE04EC0-301F-11D3-BF4B-00C04F79EFBC}") = "ScrollViewerSamples", "ScrollViewerSamples\ScrollViewerSamples.csproj", "{B8F6F309-B94E-45F2-88B6-F0CEDA0222FF}"
EndProject
Project("{FAE04EC0-301F-11D3-BF4B-00C04F79EFBC}") = "ScreenRecorderDemo", "ScreenRecorderDemo\ScreenRecorderDemo.csproj", "{A01D9F94-F0CA-49DE-84FB-7E2A73080217}"
EndProject
Project("{FAE04EC0-301F-11D3-BF4B-00C04F79EFBC}") = "AutoRunApplication", "AutoRunApplication\AutoRunApplication.csproj", "{23B0EE58-9C79-4BD4-8376-C1DB490C44D1}"
EndProject
Project("{FAE04EC0-301F-11D3-BF4B-00C04F79EFBC}") = "MagnifierSamples", "MagnifierSamples\MagnifierSamples.csproj", "{65B1C49A-EC62-4715-ADD5-7D5CB50A4514}"
EndProject
Project("{FAE04EC0-301F-11D3-BF4B-00C04F79EFBC}") = "DataStructorSamples", "DataStructorSamples\DataStructorSamples.csproj", "{1DCC6048-B9C5-4426-9B5F-DF63518F76BD}"
EndProject
Project("{2150E333-8FDC-42A3-9474-1A3956D46DE8}") = "TemplateProjects", "TemplateProjects", "{964D4F3A-AA91-4A30-B0E9-6AA357444643}"
EndProject
Project("{FAE04EC0-301F-11D3-BF4B-00C04F79EFBC}") = "WorkTools", "TemplateProjects\TemplateWindowProject\WorkTools.csproj", "{17CA6315-AE60-4779-A9FB-767965A9F814}"
EndProject
Project("{FAE04EC0-301F-11D3-BF4B-00C04F79EFBC}") = "JsonSamples", "JsonSamples\JsonSamples.csproj", "{F7BB6210-CF86-4CE1-93D2-38FF07DB0246}"
EndProject
Global
	GlobalSection(SolutionConfigurationPlatforms) = preSolution
		Debug|Any CPU = Debug|Any CPU
		Debug|x86 = Debug|x86
		Release|Any CPU = Release|Any CPU
		Release|x86 = Release|x86
	EndGlobalSection
	GlobalSection(ProjectConfigurationPlatforms) = postSolution
		{6878F3AB-EB78-4AAC-A2CA-ECEDF50A9C20}.Debug|Any CPU.ActiveCfg = Debug|Any CPU
		{6878F3AB-EB78-4AAC-A2CA-ECEDF50A9C20}.Debug|Any CPU.Build.0 = Debug|Any CPU
		{6878F3AB-EB78-4AAC-A2CA-ECEDF50A9C20}.Debug|x86.ActiveCfg = Debug|Any CPU
		{6878F3AB-EB78-4AAC-A2CA-ECEDF50A9C20}.Debug|x86.Build.0 = Debug|Any CPU
		{6878F3AB-EB78-4AAC-A2CA-ECEDF50A9C20}.Release|Any CPU.ActiveCfg = Release|Any CPU
		{6878F3AB-EB78-4AAC-A2CA-ECEDF50A9C20}.Release|Any CPU.Build.0 = Release|Any CPU
		{6878F3AB-EB78-4AAC-A2CA-ECEDF50A9C20}.Release|x86.ActiveCfg = Release|Any CPU
		{6878F3AB-EB78-4AAC-A2CA-ECEDF50A9C20}.Release|x86.Build.0 = Release|Any CPU
		{B0BFEB7A-14A9-4676-B04B-43E800E52B6E}.Debug|Any CPU.ActiveCfg = Debug|Any CPU
		{B0BFEB7A-14A9-4676-B04B-43E800E52B6E}.Debug|Any CPU.Build.0 = Debug|Any CPU
		{B0BFEB7A-14A9-4676-B04B-43E800E52B6E}.Debug|x86.ActiveCfg = Debug|Any CPU
		{B0BFEB7A-14A9-4676-B04B-43E800E52B6E}.Debug|x86.Build.0 = Debug|Any CPU
		{B0BFEB7A-14A9-4676-B04B-43E800E52B6E}.Release|Any CPU.ActiveCfg = Release|Any CPU
		{B0BFEB7A-14A9-4676-B04B-43E800E52B6E}.Release|Any CPU.Build.0 = Release|Any CPU
		{B0BFEB7A-14A9-4676-B04B-43E800E52B6E}.Release|x86.ActiveCfg = Release|Any CPU
		{B0BFEB7A-14A9-4676-B04B-43E800E52B6E}.Release|x86.Build.0 = Release|Any CPU
		{6FA15412-553D-416F-B4F6-5A691A7FC340}.Debug|Any CPU.ActiveCfg = Debug|Any CPU
		{6FA15412-553D-416F-B4F6-5A691A7FC340}.Debug|Any CPU.Build.0 = Debug|Any CPU
		{6FA15412-553D-416F-B4F6-5A691A7FC340}.Debug|x86.ActiveCfg = Debug|Any CPU
		{6FA15412-553D-416F-B4F6-5A691A7FC340}.Debug|x86.Build.0 = Debug|Any CPU
		{6FA15412-553D-416F-B4F6-5A691A7FC340}.Release|Any CPU.ActiveCfg = Release|Any CPU
		{6FA15412-553D-416F-B4F6-5A691A7FC340}.Release|Any CPU.Build.0 = Release|Any CPU
		{6FA15412-553D-416F-B4F6-5A691A7FC340}.Release|x86.ActiveCfg = Release|Any CPU
		{6FA15412-553D-416F-B4F6-5A691A7FC340}.Release|x86.Build.0 = Release|Any CPU
		{B8F6F309-B94E-45F2-88B6-F0CEDA0222FF}.Debug|Any CPU.ActiveCfg = Debug|Any CPU
		{B8F6F309-B94E-45F2-88B6-F0CEDA0222FF}.Debug|Any CPU.Build.0 = Debug|Any CPU
		{B8F6F309-B94E-45F2-88B6-F0CEDA0222FF}.Debug|x86.ActiveCfg = Debug|Any CPU
		{B8F6F309-B94E-45F2-88B6-F0CEDA0222FF}.Debug|x86.Build.0 = Debug|Any CPU
		{B8F6F309-B94E-45F2-88B6-F0CEDA0222FF}.Release|Any CPU.ActiveCfg = Release|Any CPU
		{B8F6F309-B94E-45F2-88B6-F0CEDA0222FF}.Release|Any CPU.Build.0 = Release|Any CPU
		{B8F6F309-B94E-45F2-88B6-F0CEDA0222FF}.Release|x86.ActiveCfg = Release|Any CPU
		{B8F6F309-B94E-45F2-88B6-F0CEDA0222FF}.Release|x86.Build.0 = Release|Any CPU
		{A01D9F94-F0CA-49DE-84FB-7E2A73080217}.Debug|Any CPU.ActiveCfg = Debug|Any CPU
		{A01D9F94-F0CA-49DE-84FB-7E2A73080217}.Debug|Any CPU.Build.0 = Debug|Any CPU
		{A01D9F94-F0CA-49DE-84FB-7E2A73080217}.Debug|x86.ActiveCfg = Debug|x86
		{A01D9F94-F0CA-49DE-84FB-7E2A73080217}.Debug|x86.Build.0 = Debug|x86
		{A01D9F94-F0CA-49DE-84FB-7E2A73080217}.Release|Any CPU.ActiveCfg = Release|Any CPU
		{A01D9F94-F0CA-49DE-84FB-7E2A73080217}.Release|Any CPU.Build.0 = Release|Any CPU
		{A01D9F94-F0CA-49DE-84FB-7E2A73080217}.Release|x86.ActiveCfg = Release|x86
		{A01D9F94-F0CA-49DE-84FB-7E2A73080217}.Release|x86.Build.0 = Release|x86
		{23B0EE58-9C79-4BD4-8376-C1DB490C44D1}.Debug|Any CPU.ActiveCfg = Debug|Any CPU
		{23B0EE58-9C79-4BD4-8376-C1DB490C44D1}.Debug|Any CPU.Build.0 = Debug|Any CPU
		{23B0EE58-9C79-4BD4-8376-C1DB490C44D1}.Debug|x86.ActiveCfg = Debug|Any CPU
		{23B0EE58-9C79-4BD4-8376-C1DB490C44D1}.Debug|x86.Build.0 = Debug|Any CPU
		{23B0EE58-9C79-4BD4-8376-C1DB490C44D1}.Release|Any CPU.ActiveCfg = Release|Any CPU
		{23B0EE58-9C79-4BD4-8376-C1DB490C44D1}.Release|Any CPU.Build.0 = Release|Any CPU
		{23B0EE58-9C79-4BD4-8376-C1DB490C44D1}.Release|x86.ActiveCfg = Release|Any CPU
		{23B0EE58-9C79-4BD4-8376-C1DB490C44D1}.Release|x86.Build.0 = Release|Any CPU
		{65B1C49A-EC62-4715-ADD5-7D5CB50A4514}.Debug|Any CPU.ActiveCfg = Debug|Any CPU
		{65B1C49A-EC62-4715-ADD5-7D5CB50A4514}.Debug|Any CPU.Build.0 = Debug|Any CPU
		{65B1C49A-EC62-4715-ADD5-7D5CB50A4514}.Debug|x86.ActiveCfg = Debug|Any CPU
		{65B1C49A-EC62-4715-ADD5-7D5CB50A4514}.Debug|x86.Build.0 = Debug|Any CPU
		{65B1C49A-EC62-4715-ADD5-7D5CB50A4514}.Release|Any CPU.ActiveCfg = Release|Any CPU
		{65B1C49A-EC62-4715-ADD5-7D5CB50A4514}.Release|Any CPU.Build.0 = Release|Any CPU
		{65B1C49A-EC62-4715-ADD5-7D5CB50A4514}.Release|x86.ActiveCfg = Release|Any CPU
		{65B1C49A-EC62-4715-ADD5-7D5CB50A4514}.Release|x86.Build.0 = Release|Any CPU
		{1DCC6048-B9C5-4426-9B5F-DF63518F76BD}.Debug|Any CPU.ActiveCfg = Debug|Any CPU
		{1DCC6048-B9C5-4426-9B5F-DF63518F76BD}.Debug|Any CPU.Build.0 = Debug|Any CPU
		{1DCC6048-B9C5-4426-9B5F-DF63518F76BD}.Debug|x86.ActiveCfg = Debug|Any CPU
		{1DCC6048-B9C5-4426-9B5F-DF63518F76BD}.Debug|x86.Build.0 = Debug|Any CPU
		{1DCC6048-B9C5-4426-9B5F-DF63518F76BD}.Release|Any CPU.ActiveCfg = Release|Any CPU
		{1DCC6048-B9C5-4426-9B5F-DF63518F76BD}.Release|Any CPU.Build.0 = Release|Any CPU
		{1DCC6048-B9C5-4426-9B5F-DF63518F76BD}.Release|x86.ActiveCfg = Release|Any CPU
		{1DCC6048-B9C5-4426-9B5F-DF63518F76BD}.Release|x86.Build.0 = Release|Any CPU
		{17CA6315-AE60-4779-A9FB-767965A9F814}.Debug|Any CPU.ActiveCfg = Debug|Any CPU
		{17CA6315-AE60-4779-A9FB-767965A9F814}.Debug|Any CPU.Build.0 = Debug|Any CPU
		{17CA6315-AE60-4779-A9FB-767965A9F814}.Debug|x86.ActiveCfg = Debug|Any CPU
		{17CA6315-AE60-4779-A9FB-767965A9F814}.Debug|x86.Build.0 = Debug|Any CPU
		{17CA6315-AE60-4779-A9FB-767965A9F814}.Release|Any CPU.ActiveCfg = Release|Any CPU
		{17CA6315-AE60-4779-A9FB-767965A9F814}.Release|Any CPU.Build.0 = Release|Any CPU
		{17CA6315-AE60-4779-A9FB-767965A9F814}.Release|x86.ActiveCfg = Release|Any CPU
		{17CA6315-AE60-4779-A9FB-767965A9F814}.Release|x86.Build.0 = Release|Any CPU
		{F7BB6210-CF86-4CE1-93D2-38FF07DB0246}.Debug|Any CPU.ActiveCfg = Debug|Any CPU
		{F7BB6210-CF86-4CE1-93D2-38FF07DB0246}.Debug|Any CPU.Build.0 = Debug|Any CPU
		{F7BB6210-CF86-4CE1-93D2-38FF07DB0246}.Debug|x86.ActiveCfg = Debug|Any CPU
		{F7BB6210-CF86-4CE1-93D2-38FF07DB0246}.Debug|x86.Build.0 = Debug|Any CPU
		{F7BB6210-CF86-4CE1-93D2-38FF07DB0246}.Release|Any CPU.ActiveCfg = Release|Any CPU
		{F7BB6210-CF86-4CE1-93D2-38FF07DB0246}.Release|Any CPU.Build.0 = Release|Any CPU
		{F7BB6210-CF86-4CE1-93D2-38FF07DB0246}.Release|x86.ActiveCfg = Release|Any CPU
		{F7BB6210-CF86-4CE1-93D2-38FF07DB0246}.Release|x86.Build.0 = Release|Any CPU
	EndGlobalSection
	GlobalSection(SolutionProperties) = preSolution
		HideSolutionNode = FALSE
	EndGlobalSection
	GlobalSection(NestedProjects) = preSolution
		{17CA6315-AE60-4779-A9FB-767965A9F814} = {964D4F3A-AA91-4A30-B0E9-6AA357444643}
	EndGlobalSection
	GlobalSection(ExtensibilityGlobals) = postSolution
		SolutionGuid = {BB28CE70-A713-4D16-BB66-55B73C5B2A39}
	EndGlobalSection
EndGlobal
